
Microsoft Visual Studio Solution File, Format Version 11.00
# Visual Studio 2010
Project("{FAE04EC0-301F-11D3-BF4B-00C04F79EFBC}") = "Assembly-CSharp", "Assembly-CSharp.csproj", "{3E19A67B-C50D-6EFD-BCF6-722C6AB0D4D7}"
EndProject
Project("{FAE04EC0-301F-11D3-BF4B-00C04F79EFBC}") = "SimpleInput.Runtime", "SimpleInput.Runtime.csproj", "{29E36484-862C-8C70-5C0C-7C8773A6D5B3}"
EndProject
Project("{FAE04EC0-301F-11D3-BF4B-00C04F79EFBC}") = "Assembly-CSharp-Editor", "Assembly-CSharp-Editor.csproj", "{2BAD9EB0-F916-B607-511E-63F08CE0B351}"
EndProject
Project("{FAE04EC0-301F-11D3-BF4B-00C04F79EFBC}") = "SimpleInput.Editor", "SimpleInput.Editor.csproj", "{29A61B99-142D-EE30-E956-04E657F82D18}"
EndProject
Global
	GlobalSection(SolutionConfigurationPlatforms) = preSolution
		Debug|Any CPU = Debug|Any CPU
		Release|Any CPU = Release|Any CPU
	EndGlobalSection
	GlobalSection(ProjectConfigurationPlatforms) = postSolution
		{3E19A67B-C50D-6EFD-BCF6-722C6AB0D4D7}.Debug|Any CPU.ActiveCfg = Debug|Any CPU
		{3E19A67B-C50D-6EFD-BCF6-722C6AB0D4D7}.Debug|Any CPU.Build.0 = Debug|Any CPU
		{3E19A67B-C50D-6EFD-BCF6-722C6AB0D4D7}.Release|Any CPU.ActiveCfg = Release|Any CPU
		{3E19A67B-C50D-6EFD-BCF6-722C6AB0D4D7}.Release|Any CPU.Build.0 = Release|Any CPU
		{29E36484-862C-8C70-5C0C-7C8773A6D5B3}.Debug|Any CPU.ActiveCfg = Debug|Any CPU
		{29E36484-862C-8C70-5C0C-7C8773A6D5B3}.Debug|Any CPU.Build.0 = Debug|Any CPU
		{29E36484-862C-8C70-5C0C-7C8773A6D5B3}.Release|Any CPU.ActiveCfg = Release|Any CPU
		{29E36484-862C-8C70-5C0C-7C8773A6D5B3}.Release|Any CPU.Build.0 = Release|Any CPU
		{2BAD9EB0-F916-B607-511E-63F08CE0B351}.Debug|Any CPU.ActiveCfg = Debug|Any CPU
		{2BAD9EB0-F916-B607-511E-63F08CE0B351}.Debug|Any CPU.Build.0 = Debug|Any CPU
		{2BAD9EB0-F916-B607-511E-63F08CE0B351}.Release|Any CPU.ActiveCfg = Release|Any CPU
		{2BAD9EB0-F916-B607-511E-63F08CE0B351}.Release|Any CPU.Build.0 = Release|Any CPU
		{29A61B99-142D-EE30-E956-04E657F82D18}.Debug|Any CPU.ActiveCfg = Debug|Any CPU
		{29A61B99-142D-EE30-E956-04E657F82D18}.Debug|Any CPU.Build.0 = Debug|Any CPU
		{29A61B99-142D-EE30-E956-04E657F82D18}.Release|Any CPU.ActiveCfg = Release|Any CPU
		{29A61B99-142D-EE30-E956-04E657F82D18}.Release|Any CPU.Build.0 = Release|Any CPU
	EndGlobalSection
	GlobalSection(SolutionProperties) = preSolution
		HideSolutionNode = FALSE
	EndGlobalSection
EndGlobal
